# This file is automatically @generated by Cargo.
# It is not intended for manual editing.
version = 4

[[package]]
name = "suika"
version = "0.1.1"
source = "registry+https://github.com/rust-lang/crates.io-index"
checksum = "9320c1e245108b7f44fa4f489347ea3e8dec534b5655bc52dc8ae3853d6730cd"
dependencies = [
 "suika_json",
 "suika_mime",
 "suika_server",
 "suika_templates",
 "suika_utils",
]

[[package]]
name = "suika_json"
version = "0.1.0"
source = "registry+https://github.com/rust-lang/crates.io-index"
checksum = "03317473ea37da33b7355408b9024a1e2b770c721be46e0d7b7a36b13c43495d"
dependencies = [
 "suika_utils",
]

[[package]]
name = "suika_mime"
version = "0.1.0"
source = "registry+https://github.com/rust-lang/crates.io-index"
checksum = "8c66dbb2d648502aacb2b9c12c14dedc2387a1d8f43ba894f3c04e1aab579023"

[[package]]
name = "suika_server"
version = "0.1.0"
source = "registry+https://github.com/rust-lang/crates.io-index"
checksum = "df50e8e8911838a8fb4297f69818fb4760b43d1c3c06832f8c2fd58f2acdd676"
dependencies = [
 "suika_json",
 "suika_mime",
 "suika_utils",
]

[[package]]
name = "suika_templates"
version = "0.1.1"
source = "registry+https://github.com/rust-lang/crates.io-index"
checksum = "20fd188a48f52d4082f03c0b3c27a8fb379cbe7da6ffe7558a17f2052b9ceef0"

[[package]]
name = "suika_test"
version = "0.1.0"
dependencies = [
 "suika",
]

[[package]]
name = "suika_utils"
version = "0.1.0"
source = "registry+https://github.com/rust-lang/crates.io-index"
checksum = "10882deae065f69942f523f0b46a2e76985a5f895cf4ecf4777555dff18cfed8"
